
Microsoft Visual Studio Solution File, Format Version 12.00
# Visual Studio Version 16
VisualStudioVersion = 16.0.29324.140
MinimumVisualStudioVersion = 10.0.40219.1
Project("{FAE04EC0-301F-11D3-BF4B-00C04F79EFBC}") = "VyBillett", "VyBillett\VyBillett.csproj", "{827DFEF6-000C-4FA3-9055-E754125B322D}"
EndProject
Project("{2150E333-8FDC-42A3-9474-1A3956D46DE8}") = "docs", "docs", "{A17EC566-2627-4755-9444-E0A50B6A200B}"
	ProjectSection(SolutionItems) = preProject
		README.txt = README.txt
		TODO.md = TODO.md
	EndProjectSection
EndProject
Project("{FAE04EC0-301F-11D3-BF4B-00C04F79EFBC}") = "TestingGround", "test\TestingGround\TestingGround.csproj", "{11D4B959-2D5F-46CE-9A55-88F3E68C8408}"
EndProject
Project("{2150E333-8FDC-42A3-9474-1A3956D46DE8}") = "test", "test", "{CA13DD40-1FF1-4714-9C43-F701B2F7EDB5}"
EndProject
Project("{2150E333-8FDC-42A3-9474-1A3956D46DE8}") = "src", "src", "{524F137D-A9E3-48A2-8F47-F0F4B48E4A57}"
EndProject
Project("{FAE04EC0-301F-11D3-BF4B-00C04F79EFBC}") = "DAL", "DAL\DAL.csproj", "{0E889140-3D74-4AF5-A80A-1FA31686C6AA}"
EndProject
Project("{9A19103F-16F7-4668-BE54-9A1E7A4F7556}") = "BLL", "BLL\BLL.csproj", "{02731D33-B5CB-4155-9D3B-CF6988CC7E60}"
EndProject
Project("{FAE04EC0-301F-11D3-BF4B-00C04F79EFBC}") = "Model", "Model\Model.csproj", "{6A19E5AD-714E-46E3-866F-318AE33A7392}"
EndProject
Global
	GlobalSection(SolutionConfigurationPlatforms) = preSolution
		Debug|Any CPU = Debug|Any CPU
		Release|Any CPU = Release|Any CPU
	EndGlobalSection
	GlobalSection(ProjectConfigurationPlatforms) = postSolution
		{827DFEF6-000C-4FA3-9055-E754125B322D}.Debug|Any CPU.ActiveCfg = Debug|Any CPU
		{827DFEF6-000C-4FA3-9055-E754125B322D}.Debug|Any CPU.Build.0 = Debug|Any CPU
		{827DFEF6-000C-4FA3-9055-E754125B322D}.Release|Any CPU.ActiveCfg = Release|Any CPU
		{827DFEF6-000C-4FA3-9055-E754125B322D}.Release|Any CPU.Build.0 = Release|Any CPU
		{11D4B959-2D5F-46CE-9A55-88F3E68C8408}.Debug|Any CPU.ActiveCfg = Debug|Any CPU
		{11D4B959-2D5F-46CE-9A55-88F3E68C8408}.Debug|Any CPU.Build.0 = Debug|Any CPU
		{11D4B959-2D5F-46CE-9A55-88F3E68C8408}.Release|Any CPU.ActiveCfg = Release|Any CPU
		{11D4B959-2D5F-46CE-9A55-88F3E68C8408}.Release|Any CPU.Build.0 = Release|Any CPU
		{0E889140-3D74-4AF5-A80A-1FA31686C6AA}.Debug|Any CPU.ActiveCfg = Debug|Any CPU
		{0E889140-3D74-4AF5-A80A-1FA31686C6AA}.Debug|Any CPU.Build.0 = Debug|Any CPU
		{0E889140-3D74-4AF5-A80A-1FA31686C6AA}.Release|Any CPU.ActiveCfg = Release|Any CPU
		{0E889140-3D74-4AF5-A80A-1FA31686C6AA}.Release|Any CPU.Build.0 = Release|Any CPU
		{02731D33-B5CB-4155-9D3B-CF6988CC7E60}.Debug|Any CPU.ActiveCfg = Debug|Any CPU
		{02731D33-B5CB-4155-9D3B-CF6988CC7E60}.Debug|Any CPU.Build.0 = Debug|Any CPU
		{02731D33-B5CB-4155-9D3B-CF6988CC7E60}.Release|Any CPU.ActiveCfg = Release|Any CPU
		{02731D33-B5CB-4155-9D3B-CF6988CC7E60}.Release|Any CPU.Build.0 = Release|Any CPU
		{6A19E5AD-714E-46E3-866F-318AE33A7392}.Debug|Any CPU.ActiveCfg = Debug|Any CPU
		{6A19E5AD-714E-46E3-866F-318AE33A7392}.Debug|Any CPU.Build.0 = Debug|Any CPU
		{6A19E5AD-714E-46E3-866F-318AE33A7392}.Release|Any CPU.ActiveCfg = Release|Any CPU
		{6A19E5AD-714E-46E3-866F-318AE33A7392}.Release|Any CPU.Build.0 = Release|Any CPU
	EndGlobalSection
	GlobalSection(SolutionProperties) = preSolution
		HideSolutionNode = FALSE
	EndGlobalSection
	GlobalSection(NestedProjects) = preSolution
		{827DFEF6-000C-4FA3-9055-E754125B322D} = {524F137D-A9E3-48A2-8F47-F0F4B48E4A57}
		{11D4B959-2D5F-46CE-9A55-88F3E68C8408} = {CA13DD40-1FF1-4714-9C43-F701B2F7EDB5}
		{0E889140-3D74-4AF5-A80A-1FA31686C6AA} = {524F137D-A9E3-48A2-8F47-F0F4B48E4A57}
		{02731D33-B5CB-4155-9D3B-CF6988CC7E60} = {524F137D-A9E3-48A2-8F47-F0F4B48E4A57}
		{6A19E5AD-714E-46E3-866F-318AE33A7392} = {524F137D-A9E3-48A2-8F47-F0F4B48E4A57}
	EndGlobalSection
	GlobalSection(ExtensibilityGlobals) = postSolution
		SolutionGuid = {E4304907-958A-4B44-A4F6-29DA0588F7DC}
	EndGlobalSection
EndGlobal
