
Microsoft Visual Studio Solution File, Format Version 12.00
# Visual Studio Version 16
VisualStudioVersion = 16.0.29324.140
MinimumVisualStudioVersion = 10.0.40219.1
Project("{FAE04EC0-301F-11D3-BF4B-00C04F79EFBC}") = "VyBillett", "VyBillett\VyBillett.csproj", "{827DFEF6-000C-4FA3-9055-E754125B322D}"
EndProject
Project("{2150E333-8FDC-42A3-9474-1A3956D46DE8}") = "docs", "docs", "{A17EC566-2627-4755-9444-E0A50B6A200B}"
	ProjectSection(SolutionItems) = preProject
		README.txt = README.txt
		TODO.md = TODO.md
	EndProjectSection
EndProject
Project("{FAE04EC0-301F-11D3-BF4B-00C04F79EFBC}") = "TestingGround", "test\TestingGround\TestingGround.csproj", "{11D4B959-2D5F-46CE-9A55-88F3E68C8408}"
EndProject
Project("{2150E333-8FDC-42A3-9474-1A3956D46DE8}") = "test", "test", "{CA13DD40-1FF1-4714-9C43-F701B2F7EDB5}"
EndProject
Project("{FAE04EC0-301F-11D3-BF4B-00C04F79EFBC}") = "Model", "Model\Model.csproj", "{A4754C0C-C8CE-492A-9ED6-5991FF4DB296}"
EndProject
Project("{FAE04EC0-301F-11D3-BF4B-00C04F79EFBC}") = "DAL", "DAL\DAL.csproj", "{C137B20E-74A4-461B-A860-0043EF7DC5C5}"
EndProject
Project("{FAE04EC0-301F-11D3-BF4B-00C04F79EFBC}") = "BLL", "BLL\BLL.csproj", "{DAE9F3E6-A924-460F-9B23-A24A03D0496D}"
EndProject
Project("{FAE04EC0-301F-11D3-BF4B-00C04F79EFBC}") = "UnitTest", "UnitTest\UnitTest.csproj", "{9954918A-40F9-415F-9F31-2242F3B34FBF}"
EndProject
Global
	GlobalSection(SolutionConfigurationPlatforms) = preSolution
		Debug|Any CPU = Debug|Any CPU
		Release|Any CPU = Release|Any CPU
	EndGlobalSection
	GlobalSection(ProjectConfigurationPlatforms) = postSolution
		{827DFEF6-000C-4FA3-9055-E754125B322D}.Debug|Any CPU.ActiveCfg = Debug|Any CPU
		{827DFEF6-000C-4FA3-9055-E754125B322D}.Debug|Any CPU.Build.0 = Debug|Any CPU
		{827DFEF6-000C-4FA3-9055-E754125B322D}.Release|Any CPU.ActiveCfg = Release|Any CPU
		{827DFEF6-000C-4FA3-9055-E754125B322D}.Release|Any CPU.Build.0 = Release|Any CPU
		{11D4B959-2D5F-46CE-9A55-88F3E68C8408}.Debug|Any CPU.ActiveCfg = Debug|Any CPU
		{11D4B959-2D5F-46CE-9A55-88F3E68C8408}.Debug|Any CPU.Build.0 = Debug|Any CPU
		{11D4B959-2D5F-46CE-9A55-88F3E68C8408}.Release|Any CPU.ActiveCfg = Release|Any CPU
		{11D4B959-2D5F-46CE-9A55-88F3E68C8408}.Release|Any CPU.Build.0 = Release|Any CPU
		{A4754C0C-C8CE-492A-9ED6-5991FF4DB296}.Debug|Any CPU.ActiveCfg = Debug|Any CPU
		{A4754C0C-C8CE-492A-9ED6-5991FF4DB296}.Debug|Any CPU.Build.0 = Debug|Any CPU
		{A4754C0C-C8CE-492A-9ED6-5991FF4DB296}.Release|Any CPU.ActiveCfg = Release|Any CPU
		{A4754C0C-C8CE-492A-9ED6-5991FF4DB296}.Release|Any CPU.Build.0 = Release|Any CPU
		{C137B20E-74A4-461B-A860-0043EF7DC5C5}.Debug|Any CPU.ActiveCfg = Debug|Any CPU
		{C137B20E-74A4-461B-A860-0043EF7DC5C5}.Debug|Any CPU.Build.0 = Debug|Any CPU
		{C137B20E-74A4-461B-A860-0043EF7DC5C5}.Release|Any CPU.ActiveCfg = Release|Any CPU
		{C137B20E-74A4-461B-A860-0043EF7DC5C5}.Release|Any CPU.Build.0 = Release|Any CPU
		{DAE9F3E6-A924-460F-9B23-A24A03D0496D}.Debug|Any CPU.ActiveCfg = Debug|Any CPU
		{DAE9F3E6-A924-460F-9B23-A24A03D0496D}.Debug|Any CPU.Build.0 = Debug|Any CPU
		{DAE9F3E6-A924-460F-9B23-A24A03D0496D}.Release|Any CPU.ActiveCfg = Release|Any CPU
		{DAE9F3E6-A924-460F-9B23-A24A03D0496D}.Release|Any CPU.Build.0 = Release|Any CPU
		{9954918A-40F9-415F-9F31-2242F3B34FBF}.Debug|Any CPU.ActiveCfg = Debug|Any CPU
		{9954918A-40F9-415F-9F31-2242F3B34FBF}.Debug|Any CPU.Build.0 = Debug|Any CPU
		{9954918A-40F9-415F-9F31-2242F3B34FBF}.Release|Any CPU.ActiveCfg = Release|Any CPU
		{9954918A-40F9-415F-9F31-2242F3B34FBF}.Release|Any CPU.Build.0 = Release|Any CPU
	EndGlobalSection
	GlobalSection(SolutionProperties) = preSolution
		HideSolutionNode = FALSE
	EndGlobalSection
	GlobalSection(NestedProjects) = preSolution
		{11D4B959-2D5F-46CE-9A55-88F3E68C8408} = {CA13DD40-1FF1-4714-9C43-F701B2F7EDB5}
	EndGlobalSection
	GlobalSection(ExtensibilityGlobals) = postSolution
		SolutionGuid = {E4304907-958A-4B44-A4F6-29DA0588F7DC}
	EndGlobalSection
EndGlobal
